// !$*UTF8*$!
{
	archiveVersion = 1;
	classes = {
	};
	objectVersion = 56;
	objects = {

/* Begin PBXBuildFile section */
		DF3547CB2BD7EB4800BB47C9 /* Coffee_AppApp.swift in Sources */ = {isa = PBXBuildFile; fileRef = DF3547CA2BD7EB4800BB47C9 /* Coffee_AppApp.swift */; };
		DF3547CD2BD7EB4800BB47C9 /* ContentView.swift in Sources */ = {isa = PBXBuildFile; fileRef = DF3547CC2BD7EB4800BB47C9 /* ContentView.swift */; };
		DF3547CF2BD7EB4900BB47C9 /* Assets.xcassets in Resources */ = {isa = PBXBuildFile; fileRef = DF3547CE2BD7EB4900BB47C9 /* Assets.xcassets */; };
		DF3547D32BD7EB4900BB47C9 /* Preview Assets.xcassets in Resources */ = {isa = PBXBuildFile; fileRef = DF3547D22BD7EB4900BB47C9 /* Preview Assets.xcassets */; };
		DF3547DD2BD7EB4900BB47C9 /* Coffee_AppTests.swift in Sources */ = {isa = PBXBuildFile; fileRef = DF3547DC2BD7EB4900BB47C9 /* Coffee_AppTests.swift */; };
		DF3547E72BD7EB4900BB47C9 /* Coffee_AppUITests.swift in Sources */ = {isa = PBXBuildFile; fileRef = DF3547E62BD7EB4900BB47C9 /* Coffee_AppUITests.swift */; };
		DF3547E92BD7EB4900BB47C9 /* Coffee_AppUITestsLaunchTests.swift in Sources */ = {isa = PBXBuildFile; fileRef = DF3547E82BD7EB4900BB47C9 /* Coffee_AppUITestsLaunchTests.swift */; };
/* End PBXBuildFile section */

/* Begin PBXContainerItemProxy section */
		DF3547D92BD7EB4900BB47C9 /* PBXContainerItemProxy */ = {
			isa = PBXContainerItemProxy;
			containerPortal = DF3547BF2BD7EB4800BB47C9 /* Project object */;
			proxyType = 1;
			remoteGlobalIDString = DF3547C62BD7EB4800BB47C9;
			remoteInfo = "Coffee App";
		};
		DF3547E32BD7EB4900BB47C9 /* PBXContainerItemProxy */ = {
			isa = PBXContainerItemProxy;
			containerPortal = DF3547BF2BD7EB4800BB47C9 /* Project object */;
			proxyType = 1;
			remoteGlobalIDString = DF3547C62BD7EB4800BB47C9;
			remoteInfo = "Coffee App";
		};
/* End PBXContainerItemProxy section */

/* Begin PBXFileReference section */
		DF3547C72BD7EB4800BB47C9 /* Coffee App.app */ = {isa = PBXFileReference; explicitFileType = wrapper.application; includeInIndex = 0; path = "Coffee App.app"; sourceTree = BUILT_PRODUCTS_DIR; };
		DF3547CA2BD7EB4800BB47C9 /* Coffee_AppApp.swift */ = {isa = PBXFileReference; lastKnownFileType = sourcecode.swift; path = Coffee_AppApp.swift; sourceTree = "<group>"; };
		DF3547CC2BD7EB4800BB47C9 /* ContentView.swift */ = {isa = PBXFileReference; lastKnownFileType = sourcecode.swift; path = ContentView.swift; sourceTree = "<group>"; };
		DF3547CE2BD7EB4900BB47C9 /* Assets.xcassets */ = {isa = PBXFileReference; lastKnownFileType = folder.assetcatalog; path = Assets.xcassets; sourceTree = "<group>"; };
		DF3547D02BD7EB4900BB47C9 /* Coffee_App.entitlements */ = {isa = PBXFileReference; lastKnownFileType = text.plist.entitlements; path = Coffee_App.entitlements; sourceTree = "<group>"; };
		DF3547D22BD7EB4900BB47C9 /* Preview Assets.xcassets */ = {isa = PBXFileReference; lastKnownFileType = folder.assetcatalog; path = "Preview Assets.xcassets"; sourceTree = "<group>"; };
		DF3547D82BD7EB4900BB47C9 /* Coffee AppTests.xctest */ = {isa = PBXFileReference; explicitFileType = wrapper.cfbundle; includeInIndex = 0; path = "Coffee AppTests.xctest"; sourceTree = BUILT_PRODUCTS_DIR; };
		DF3547DC2BD7EB4900BB47C9 /* Coffee_AppTests.swift */ = {isa = PBXFileReference; lastKnownFileType = sourcecode.swift; path = Coffee_AppTests.swift; sourceTree = "<group>"; };
		DF3547E22BD7EB4900BB47C9 /* Coffee AppUITests.xctest */ = {isa = PBXFileReference; explicitFileType = wrapper.cfbundle; includeInIndex = 0; path = "Coffee AppUITests.xctest"; sourceTree = BUILT_PRODUCTS_DIR; };
		DF3547E62BD7EB4900BB47C9 /* Coffee_AppUITests.swift */ = {isa = PBXFileReference; lastKnownFileType = sourcecode.swift; path = Coffee_AppUITests.swift; sourceTree = "<group>"; };
		DF3547E82BD7EB4900BB47C9 /* Coffee_AppUITestsLaunchTests.swift */ = {isa = PBXFileReference; lastKnownFileType = sourcecode.swift; path = Coffee_AppUITestsLaunchTests.swift; sourceTree = "<group>"; };
/* End PBXFileReference section */

/* Begin PBXFrameworksBuildPhase section */
		DF3547C42BD7EB4800BB47C9 /* Frameworks */ = {
			isa = PBXFrameworksBuildPhase;
			buildActionMask = 2147483647;
			files = (
			);
			runOnlyForDeploymentPostprocessing = 0;
		};
		DF3547D52BD7EB4900BB47C9 /* Frameworks */ = {
			isa = PBXFrameworksBuildPhase;
			buildActionMask = 2147483647;
			files = (
			);
			runOnlyForDeploymentPostprocessing = 0;
		};
		DF3547DF2BD7EB4900BB47C9 /* Frameworks */ = {
			isa = PBXFrameworksBuildPhase;
			buildActionMask = 2147483647;
			files = (
			);
			runOnlyForDeploymentPostprocessing = 0;
		};
/* End PBXFrameworksBuildPhase section */

/* Begin PBXGroup section */
		DF3547BE2BD7EB4800BB47C9 = {
			isa = PBXGroup;
			children = (
				DF3547C92BD7EB4800BB47C9 /* Coffee App */,
				DF3547DB2BD7EB4900BB47C9 /* Coffee AppTests */,
				DF3547E52BD7EB4900BB47C9 /* Coffee AppUITests */,
				DF3547C82BD7EB4800BB47C9 /* Products */,
			);
			sourceTree = "<group>";
		};
		DF3547C82BD7EB4800BB47C9 /* Products */ = {
			isa = PBXGroup;
			children = (
				DF3547C72BD7EB4800BB47C9 /* Coffee App.app */,
				DF3547D82BD7EB4900BB47C9 /* Coffee AppTests.xctest */,
				DF3547E22BD7EB4900BB47C9 /* Coffee AppUITests.xctest */,
			);
			name = Products;
			sourceTree = "<group>";
		};
		DF3547C92BD7EB4800BB47C9 /* Coffee App */ = {
			isa = PBXGroup;
			children = (
				DF3547CA2BD7EB4800BB47C9 /* Coffee_AppApp.swift */,
				DF3547CC2BD7EB4800BB47C9 /* ContentView.swift */,
				DF3547CE2BD7EB4900BB47C9 /* Assets.xcassets */,
				DF3547D02BD7EB4900BB47C9 /* Coffee_App.entitlements */,
				DF3547D12BD7EB4900BB47C9 /* Preview Content */,
			);
			path = "Coffee App";
			sourceTree = "<group>";
		};
		DF3547D12BD7EB4900BB47C9 /* Preview Content */ = {
			isa = PBXGroup;
			children = (
				DF3547D22BD7EB4900BB47C9 /* Preview Assets.xcassets */,
			);
			path = "Preview Content";
			sourceTree = "<group>";
		};
		DF3547DB2BD7EB4900BB47C9 /* Coffee AppTests */ = {
			isa = PBXGroup;
			children = (
				DF3547DC2BD7EB4900BB47C9 /* Coffee_AppTests.swift */,
			);
			path = "Coffee AppTests";
			sourceTree = "<group>";
		};
		DF3547E52BD7EB4900BB47C9 /* Coffee AppUITests */ = {
			isa = PBXGroup;
			children = (
				DF3547E62BD7EB4900BB47C9 /* Coffee_AppUITests.swift */,
				DF3547E82BD7EB4900BB47C9 /* Coffee_AppUITestsLaunchTests.swift */,
			);
			path = "Coffee AppUITests";
			sourceTree = "<group>";
		};
/* End PBXGroup section */

/* Begin PBXNativeTarget section */
		DF3547C62BD7EB4800BB47C9 /* Coffee App */ = {
			isa = PBXNativeTarget;
			buildConfigurationList = DF3547EC2BD7EB4900BB47C9 /* Build configuration list for PBXNativeTarget "Coffee App" */;
			buildPhases = (
				DF3547C32BD7EB4800BB47C9 /* Sources */,
				DF3547C42BD7EB4800BB47C9 /* Frameworks */,
				DF3547C52BD7EB4800BB47C9 /* Resources */,
			);
			buildRules = (
			);
			dependencies = (
			);
			name = "Coffee App";
			productName = "Coffee App";
			productReference = DF3547C72BD7EB4800BB47C9 /* Coffee App.app */;
			productType = "com.apple.product-type.application";
		};
		DF3547D72BD7EB4900BB47C9 /* Coffee AppTests */ = {
			isa = PBXNativeTarget;
			buildConfigurationList = DF3547EF2BD7EB4900BB47C9 /* Build configuration list for PBXNativeTarget "Coffee AppTests" */;
			buildPhases = (
				DF3547D42BD7EB4900BB47C9 /* Sources */,
				DF3547D52BD7EB4900BB47C9 /* Frameworks */,
				DF3547D62BD7EB4900BB47C9 /* Resources */,
			);
			buildRules = (
			);
			dependencies = (
				DF3547DA2BD7EB4900BB47C9 /* PBXTargetDependency */,
			);
			name = "Coffee AppTests";
			productName = "Coffee AppTests";
			productReference = DF3547D82BD7EB4900BB47C9 /* Coffee AppTests.xctest */;
			productType = "com.apple.product-type.bundle.unit-test";
		};
		DF3547E12BD7EB4900BB47C9 /* Coffee AppUITests */ = {
			isa = PBXNativeTarget;
			buildConfigurationList = DF3547F22BD7EB4900BB47C9 /* Build configuration list for PBXNativeTarget "Coffee AppUITests" */;
			buildPhases = (
				DF3547DE2BD7EB4900BB47C9 /* Sources */,
				DF3547DF2BD7EB4900BB47C9 /* Frameworks */,
				DF3547E02BD7EB4900BB47C9 /* Resources */,
			);
			buildRules = (
			);
			dependencies = (
				DF3547E42BD7EB4900BB47C9 /* PBXTargetDependency */,
			);
			name = "Coffee AppUITests";
			productName = "Coffee AppUITests";
			productReference = DF3547E22BD7EB4900BB47C9 /* Coffee AppUITests.xctest */;
			productType = "com.apple.product-type.bundle.ui-testing";
		};
/* End PBXNativeTarget section */

/* Begin PBXProject section */
		DF3547BF2BD7EB4800BB47C9 /* Project object */ = {
			isa = PBXProject;
			attributes = {
				BuildIndependentTargetsInParallel = 1;
				LastSwiftUpdateCheck = 1420;
				LastUpgradeCheck = 1420;
				TargetAttributes = {
					DF3547C62BD7EB4800BB47C9 = {
						CreatedOnToolsVersion = 14.2;
					};
					DF3547D72BD7EB4900BB47C9 = {
						CreatedOnToolsVersion = 14.2;
						TestTargetID = DF3547C62BD7EB4800BB47C9;
					};
					DF3547E12BD7EB4900BB47C9 = {
						CreatedOnToolsVersion = 14.2;
						TestTargetID = DF3547C62BD7EB4800BB47C9;
					};
				};
			};
			buildConfigurationList = DF3547C22BD7EB4800BB47C9 /* Build configuration list for PBXProject "Coffee App" */;
			compatibilityVersion = "Xcode 14.0";
			developmentRegion = en;
			hasScannedForEncodings = 0;
			knownRegions = (
				en,
				Base,
			);
			mainGroup = DF3547BE2BD7EB4800BB47C9;
			productRefGroup = DF3547C82BD7EB4800BB47C9 /* Products */;
			projectDirPath = "";
			projectRoot = "";
			targets = (
				DF3547C62BD7EB4800BB47C9 /* Coffee App */,
				DF3547D72BD7EB4900BB47C9 /* Coffee AppTests */,
				DF3547E12BD7EB4900BB47C9 /* Coffee AppUITests */,
			);
		};
/* End PBXProject section */

/* Begin PBXResourcesBuildPhase section */
		DF3547C52BD7EB4800BB47C9 /* Resources */ = {
			isa = PBXResourcesBuildPhase;
			buildActionMask = 2147483647;
			files = (
				DF3547D32BD7EB4900BB47C9 /* Preview Assets.xcassets in Resources */,
				DF3547CF2BD7EB4900BB47C9 /* Assets.xcassets in Resources */,
			);
			runOnlyForDeploymentPostprocessing = 0;
		};
		DF3547D62BD7EB4900BB47C9 /* Resources */ = {
			isa = PBXResourcesBuildPhase;
			buildActionMask = 2147483647;
			files = (
			);
			runOnlyForDeploymentPostprocessing = 0;
		};
		DF3547E02BD7EB4900BB47C9 /* Resources */ = {
			isa = PBXResourcesBuildPhase;
			buildActionMask = 2147483647;
			files = (
			);
			runOnlyForDeploymentPostprocessing = 0;
		};
/* End PBXResourcesBuildPhase section */

/* Begin PBXSourcesBuildPhase section */
		DF3547C32BD7EB4800BB47C9 /* Sources */ = {
			isa = PBXSourcesBuildPhase;
			buildActionMask = 2147483647;
			files = (
				DF3547CD2BD7EB4800BB47C9 /* ContentView.swift in Sources */,
				DF3547CB2BD7EB4800BB47C9 /* Coffee_AppApp.swift in Sources */,
			);
			runOnlyForDeploymentPostprocessing = 0;
		};
		DF3547D42BD7EB4900BB47C9 /* Sources */ = {
			isa = PBXSourcesBuildPhase;
			buildActionMask = 2147483647;
			files = (
				DF3547DD2BD7EB4900BB47C9 /* Coffee_AppTests.swift in Sources */,
			);
			runOnlyForDeploymentPostprocessing = 0;
		};
		DF3547DE2BD7EB4900BB47C9 /* Sources */ = {
			isa = PBXSourcesBuildPhase;
			buildActionMask = 2147483647;
			files = (
				DF3547E92BD7EB4900BB47C9 /* Coffee_AppUITestsLaunchTests.swift in Sources */,
				DF3547E72BD7EB4900BB47C9 /* Coffee_AppUITests.swift in Sources */,
			);
			runOnlyForDeploymentPostprocessing = 0;
		};
/* End PBXSourcesBuildPhase section */

/* Begin PBXTargetDependency section */
		DF3547DA2BD7EB4900BB47C9 /* PBXTargetDependency */ = {
			isa = PBXTargetDependency;
			target = DF3547C62BD7EB4800BB47C9 /* Coffee App */;
			targetProxy = DF3547D92BD7EB4900BB47C9 /* PBXContainerItemProxy */;
		};
		DF3547E42BD7EB4900BB47C9 /* PBXTargetDependency */ = {
			isa = PBXTargetDependency;
			target = DF3547C62BD7EB4800BB47C9 /* Coffee App */;
			targetProxy = DF3547E32BD7EB4900BB47C9 /* PBXContainerItemProxy */;
		};
/* End PBXTargetDependency section */

/* Begin XCBuildConfiguration section */
		DF3547EA2BD7EB4900BB47C9 /* Debug */ = {
			isa = XCBuildConfiguration;
			buildSettings = {
				ALWAYS_SEARCH_USER_PATHS = NO;
				CLANG_ANALYZER_NONNULL = YES;
				CLANG_ANALYZER_NUMBER_OBJECT_CONVERSION = YES_AGGRESSIVE;
				CLANG_CXX_LANGUAGE_STANDARD = "gnu++20";
				CLANG_ENABLE_MODULES = YES;
				CLANG_ENABLE_OBJC_ARC = YES;
				CLANG_ENABLE_OBJC_WEAK = YES;
				CLANG_WARN_BLOCK_CAPTURE_AUTORELEASING = YES;
				CLANG_WARN_BOOL_CONVERSION = YES;
				CLANG_WARN_COMMA = YES;
				CLANG_WARN_CONSTANT_CONVERSION = YES;
				CLANG_WARN_DEPRECATED_OBJC_IMPLEMENTATIONS = YES;
				CLANG_WARN_DIRECT_OBJC_ISA_USAGE = YES_ERROR;
				CLANG_WARN_DOCUMENTATION_COMMENTS = YES;
				CLANG_WARN_EMPTY_BODY = YES;
				CLANG_WARN_ENUM_CONVERSION = YES;
				CLANG_WARN_INFINITE_RECURSION = YES;
				CLANG_WARN_INT_CONVERSION = YES;
				CLANG_WARN_NON_LITERAL_NULL_CONVERSION = YES;
				CLANG_WARN_OBJC_IMPLICIT_RETAIN_SELF = YES;
				CLANG_WARN_OBJC_LITERAL_CONVERSION = YES;
				CLANG_WARN_OBJC_ROOT_CLASS = YES_ERROR;
				CLANG_WARN_QUOTED_INCLUDE_IN_FRAMEWORK_HEADER = YES;
				CLANG_WARN_RANGE_LOOP_ANALYSIS = YES;
				CLANG_WARN_STRICT_PROTOTYPES = YES;
				CLANG_WARN_SUSPICIOUS_MOVE = YES;
				CLANG_WARN_UNGUARDED_AVAILABILITY = YES_AGGRESSIVE;
				CLANG_WARN_UNREACHABLE_CODE = YES;
				CLANG_WARN__DUPLICATE_METHOD_MATCH = YES;
				COPY_PHASE_STRIP = NO;
				DEBUG_INFORMATION_FORMAT = dwarf;
				ENABLE_STRICT_OBJC_MSGSEND = YES;
				ENABLE_TESTABILITY = YES;
				GCC_C_LANGUAGE_STANDARD = gnu11;
				GCC_DYNAMIC_NO_PIC = NO;
				GCC_NO_COMMON_BLOCKS = YES;
				GCC_OPTIMIZATION_LEVEL = 0;
				GCC_PREPROCESSOR_DEFINITIONS = (
					"DEBUG=1",
					"$(inherited)",
				);
				GCC_WARN_64_TO_32_BIT_CONVERSION = YES;
				GCC_WARN_ABOUT_RETURN_TYPE = YES_ERROR;
				GCC_WARN_UNDECLARED_SELECTOR = YES;
				GCC_WARN_UNINITIALIZED_AUTOS = YES_AGGRESSIVE;
				GCC_WARN_UNUSED_FUNCTION = YES;
				GCC_WARN_UNUSED_VARIABLE = YES;
				MTL_ENABLE_DEBUG_INFO = INCLUDE_SOURCE;
				MTL_FAST_MATH = YES;
				ONLY_ACTIVE_ARCH = YES;
				SWIFT_ACTIVE_COMPILATION_CONDITIONS = DEBUG;
				SWIFT_OPTIMIZATION_LEVEL = "-Onone";
			};
			name = Debug;
		};
		DF3547EB2BD7EB4900BB47C9 /* Release */ = {
			isa = XCBuildConfiguration;
			buildSettings = {
				ALWAYS_SEARCH_USER_PATHS = NO;
				CLANG_ANALYZER_NONNULL = YES;
				CLANG_ANALYZER_NUMBER_OBJECT_CONVERSION = YES_AGGRESSIVE;
				CLANG_CXX_LANGUAGE_STANDARD = "gnu++20";
				CLANG_ENABLE_MODULES = YES;
				CLANG_ENABLE_OBJC_ARC = YES;
				CLANG_ENABLE_OBJC_WEAK = YES;
				CLANG_WARN_BLOCK_CAPTURE_AUTORELEASING = YES;
				CLANG_WARN_BOOL_CONVERSION = YES;
				CLANG_WARN_COMMA = YES;
				CLANG_WARN_CONSTANT_CONVERSION = YES;
				CLANG_WARN_DEPRECATED_OBJC_IMPLEMENTATIONS = YES;
				CLANG_WARN_DIRECT_OBJC_ISA_USAGE = YES_ERROR;
				CLANG_WARN_DOCUMENTATION_COMMENTS = YES;
				CLANG_WARN_EMPTY_BODY = YES;
				CLANG_WARN_ENUM_CONVERSION = YES;
				CLANG_WARN_INFINITE_RECURSION = YES;
				CLANG_WARN_INT_CONVERSION = YES;
				CLANG_WARN_NON_LITERAL_NULL_CONVERSION = YES;
				CLANG_WARN_OBJC_IMPLICIT_RETAIN_SELF = YES;
				CLANG_WARN_OBJC_LITERAL_CONVERSION = YES;
				CLANG_WARN_OBJC_ROOT_CLASS = YES_ERROR;
				CLANG_WARN_QUOTED_INCLUDE_IN_FRAMEWORK_HEADER = YES;
				CLANG_WARN_RANGE_LOOP_ANALYSIS = YES;
				CLANG_WARN_STRICT_PROTOTYPES = YES;
				CLANG_WARN_SUSPICIOUS_MOVE = YES;
				CLANG_WARN_UNGUARDED_AVAILABILITY = YES_AGGRESSIVE;
				CLANG_WARN_UNREACHABLE_CODE = YES;
				CLANG_WARN__DUPLICATE_METHOD_MATCH = YES;
				COPY_PHASE_STRIP = NO;
				DEBUG_INFORMATION_FORMAT = "dwarf-with-dsym";
				ENABLE_NS_ASSERTIONS = NO;
				ENABLE_STRICT_OBJC_MSGSEND = YES;
				GCC_C_LANGUAGE_STANDARD = gnu11;
				GCC_NO_COMMON_BLOCKS = YES;
				GCC_WARN_64_TO_32_BIT_CONVERSION = YES;
				GCC_WARN_ABOUT_RETURN_TYPE = YES_ERROR;
				GCC_WARN_UNDECLARED_SELECTOR = YES;
				GCC_WARN_UNINITIALIZED_AUTOS = YES_AGGRESSIVE;
				GCC_WARN_UNUSED_FUNCTION = YES;
				GCC_WARN_UNUSED_VARIABLE = YES;
				MTL_ENABLE_DEBUG_INFO = NO;
				MTL_FAST_MATH = YES;
				SWIFT_COMPILATION_MODE = wholemodule;
				SWIFT_OPTIMIZATION_LEVEL = "-O";
			};
			name = Release;
		};
		DF3547ED2BD7EB4900BB47C9 /* Debug */ = {
			isa = XCBuildConfiguration;
			buildSettings = {
				ASSETCATALOG_COMPILER_APPICON_NAME = AppIcon;
				ASSETCATALOG_COMPILER_GLOBAL_ACCENT_COLOR_NAME = AccentColor;
				CODE_SIGN_ENTITLEMENTS = "Coffee App/Coffee_App.entitlements";
				CODE_SIGN_STYLE = Automatic;
				CURRENT_PROJECT_VERSION = 1;
				DEVELOPMENT_ASSET_PATHS = "\"Coffee App/Preview Content\"";
				ENABLE_PREVIEWS = YES;
				GENERATE_INFOPLIST_FILE = YES;
				"INFOPLIST_KEY_UIApplicationSceneManifest_Generation[sdk=iphoneos*]" = YES;
				"INFOPLIST_KEY_UIApplicationSceneManifest_Generation[sdk=iphonesimulator*]" = YES;
				"INFOPLIST_KEY_UIApplicationSupportsIndirectInputEvents[sdk=iphoneos*]" = YES;
				"INFOPLIST_KEY_UIApplicationSupportsIndirectInputEvents[sdk=iphonesimulator*]" = YES;
				"INFOPLIST_KEY_UILaunchScreen_Generation[sdk=iphoneos*]" = YES;
				"INFOPLIST_KEY_UILaunchScreen_Generation[sdk=iphonesimulator*]" = YES;
				"INFOPLIST_KEY_UIStatusBarStyle[sdk=iphoneos*]" = UIStatusBarStyleDefault;
				"INFOPLIST_KEY_UIStatusBarStyle[sdk=iphonesimulator*]" = UIStatusBarStyleDefault;
				INFOPLIST_KEY_UISupportedInterfaceOrientations_iPad = "UIInterfaceOrientationPortrait UIInterfaceOrientationPortraitUpsideDown UIInterfaceOrientationLandscapeLeft UIInterfaceOrientationLandscapeRight";
				INFOPLIST_KEY_UISupportedInterfaceOrientations_iPhone = "UIInterfaceOrientationPortrait UIInterfaceOrientationLandscapeLeft UIInterfaceOrientationLandscapeRight";
				IPHONEOS_DEPLOYMENT_TARGET = 16.2;
				LD_RUNPATH_SEARCH_PATHS = "@executable_path/Frameworks";
				"LD_RUNPATH_SEARCH_PATHS[sdk=macosx*]" = "@executable_path/../Frameworks";
				MACOSX_DEPLOYMENT_TARGET = 13.1;
				MARKETING_VERSION = 1.0;
				PRODUCT_BUNDLE_IDENTIFIER = "OutofBounds.Coffee-App";
				PRODUCT_NAME = "$(TARGET_NAME)";
				SDKROOT = auto;
				SUPPORTED_PLATFORMS = "iphoneos iphonesimulator macosx";
				SWIFT_EMIT_LOC_STRINGS = YES;
				SWIFT_VERSION = 5.0;
				TARGETED_DEVICE_FAMILY = "1,2";
			};
			name = Debug;
		};
		DF3547EE2BD7EB4900BB47C9 /* Release */ = {
			isa = XCBuildConfiguration;
			buildSettings = {
				ASSETCATALOG_COMPILER_APPICON_NAME = AppIcon;
				ASSETCATALOG_COMPILER_GLOBAL_ACCENT_COLOR_NAME = AccentColor;
				CODE_SIGN_ENTITLEMENTS = "Coffee App/Coffee_App.entitlements";
				CODE_SIGN_STYLE = Automatic;
				CURRENT_PROJECT_VERSION = 1;
				DEVELOPMENT_ASSET_PATHS = "\"Coffee App/Preview Content\"";
				ENABLE_PREVIEWS = YES;
				GENERATE_INFOPLIST_FILE = YES;
				"INFOPLIST_KEY_UIApplicationSceneManifest_Generation[sdk=iphoneos*]" = YES;
				"INFOPLIST_KEY_UIApplicationSceneManifest_Generation[sdk=iphonesimulator*]" = YES;
				"INFOPLIST_KEY_UIApplicationSupportsIndirectInputEvents[sdk=iphoneos*]" = YES;
				"INFOPLIST_KEY_UIApplicationSupportsIndirectInputEvents[sdk=iphonesimulator*]" = YES;
				"INFOPLIST_KEY_UILaunchScreen_Generation[sdk=iphoneos*]" = YES;
				"INFOPLIST_KEY_UILaunchScreen_Generation[sdk=iphonesimulator*]" = YES;
				"INFOPLIST_KEY_UIStatusBarStyle[sdk=iphoneos*]" = UIStatusBarStyleDefault;
				"INFOPLIST_KEY_UIStatusBarStyle[sdk=iphonesimulator*]" = UIStatusBarStyleDefault;
				INFOPLIST_KEY_UISupportedInterfaceOrientations_iPad = "UIInterfaceOrientationPortrait UIInterfaceOrientationPortraitUpsideDown UIInterfaceOrientationLandscapeLeft UIInterfaceOrientationLandscapeRight";
				INFOPLIST_KEY_UISupportedInterfaceOrientations_iPhone = "UIInterfaceOrientationPortrait UIInterfaceOrientationLandscapeLeft UIInterfaceOrientationLandscapeRight";
				IPHONEOS_DEPLOYMENT_TARGET = 16.2;
				LD_RUNPATH_SEARCH_PATHS = "@executable_path/Frameworks";
				"LD_RUNPATH_SEARCH_PATHS[sdk=macosx*]" = "@executable_path/../Frameworks";
				MACOSX_DEPLOYMENT_TARGET = 13.1;
				MARKETING_VERSION = 1.0;
				PRODUCT_BUNDLE_IDENTIFIER = "OutofBounds.Coffee-App";
				PRODUCT_NAME = "$(TARGET_NAME)";
				SDKROOT = auto;
				SUPPORTED_PLATFORMS = "iphoneos iphonesimulator macosx";
				SWIFT_EMIT_LOC_STRINGS = YES;
				SWIFT_VERSION = 5.0;
				TARGETED_DEVICE_FAMILY = "1,2";
			};
			name = Release;
		};
		DF3547F02BD7EB4900BB47C9 /* Debug */ = {
			isa = XCBuildConfiguration;
			buildSettings = {
				ALWAYS_EMBED_SWIFT_STANDARD_LIBRARIES = YES;
				BUNDLE_LOADER = "$(TEST_HOST)";
				CODE_SIGN_STYLE = Automatic;
				CURRENT_PROJECT_VERSION = 1;
				GENERATE_INFOPLIST_FILE = YES;
				IPHONEOS_DEPLOYMENT_TARGET = 16.2;
				MACOSX_DEPLOYMENT_TARGET = 13.1;
				MARKETING_VERSION = 1.0;
				PRODUCT_BUNDLE_IDENTIFIER = "OutofBounds.Coffee-AppTests";
				PRODUCT_NAME = "$(TARGET_NAME)";
				SDKROOT = auto;
				SUPPORTED_PLATFORMS = "iphoneos iphonesimulator macosx";
				SWIFT_EMIT_LOC_STRINGS = NO;
				SWIFT_VERSION = 5.0;
				TARGETED_DEVICE_FAMILY = "1,2";
				TEST_HOST = "$(BUILT_PRODUCTS_DIR)/Coffee App.app/$(BUNDLE_EXECUTABLE_FOLDER_PATH)/Coffee App";
			};
			name = Debug;
		};
		DF3547F12BD7EB4900BB47C9 /* Release */ = {
			isa = XCBuildConfiguration;
			buildSettings = {
				ALWAYS_EMBED_SWIFT_STANDARD_LIBRARIES = YES;
				BUNDLE_LOADER = "$(TEST_HOST)";
				CODE_SIGN_STYLE = Automatic;
				CURRENT_PROJECT_VERSION = 1;
				GENERATE_INFOPLIST_FILE = YES;
				IPHONEOS_DEPLOYMENT_TARGET = 16.2;
				MACOSX_DEPLOYMENT_TARGET = 13.1;
				MARKETING_VERSION = 1.0;
				PRODUCT_BUNDLE_IDENTIFIER = "OutofBounds.Coffee-AppTests";
				PRODUCT_NAME = "$(TARGET_NAME)";
				SDKROOT = auto;
				SUPPORTED_PLATFORMS = "iphoneos iphonesimulator macosx";
				SWIFT_EMIT_LOC_STRINGS = NO;
				SWIFT_VERSION = 5.0;
				TARGETED_DEVICE_FAMILY = "1,2";
				TEST_HOST = "$(BUILT_PRODUCTS_DIR)/Coffee App.app/$(BUNDLE_EXECUTABLE_FOLDER_PATH)/Coffee App";
			};
			name = Release;
		};
		DF3547F32BD7EB4900BB47C9 /* Debug */ = {
			isa = XCBuildConfiguration;
			buildSettings = {
				ALWAYS_EMBED_SWIFT_STANDARD_LIBRARIES = YES;
				CODE_SIGN_STYLE = Automatic;
				CURRENT_PROJECT_VERSION = 1;
				GENERATE_INFOPLIST_FILE = YES;
				IPHONEOS_DEPLOYMENT_TARGET = 16.2;
				MACOSX_DEPLOYMENT_TARGET = 13.1;
				MARKETING_VERSION = 1.0;
				PRODUCT_BUNDLE_IDENTIFIER = "OutofBounds.Coffee-AppUITests";
				PRODUCT_NAME = "$(TARGET_NAME)";
				SDKROOT = auto;
				SUPPORTED_PLATFORMS = "iphoneos iphonesimulator macosx";
				SWIFT_EMIT_LOC_STRINGS = NO;
				SWIFT_VERSION = 5.0;
				TARGETED_DEVICE_FAMILY = "1,2";
				TEST_TARGET_NAME = "Coffee App";
			};
			name = Debug;
		};
		DF3547F42BD7EB4900BB47C9 /* Release */ = {
			isa = XCBuildConfiguration;
			buildSettings = {
				ALWAYS_EMBED_SWIFT_STANDARD_LIBRARIES = YES;
				CODE_SIGN_STYLE = Automatic;
				CURRENT_PROJECT_VERSION = 1;
				GENERATE_INFOPLIST_FILE = YES;
				IPHONEOS_DEPLOYMENT_TARGET = 16.2;
				MACOSX_DEPLOYMENT_TARGET = 13.1;
				MARKETING_VERSION = 1.0;
				PRODUCT_BUNDLE_IDENTIFIER = "OutofBounds.Coffee-AppUITests";
				PRODUCT_NAME = "$(TARGET_NAME)";
				SDKROOT = auto;
				SUPPORTED_PLATFORMS = "iphoneos iphonesimulator macosx";
				SWIFT_EMIT_LOC_STRINGS = NO;
				SWIFT_VERSION = 5.0;
				TARGETED_DEVICE_FAMILY = "1,2";
				TEST_TARGET_NAME = "Coffee App";
			};
			name = Release;
		};
/* End XCBuildConfiguration section */

/* Begin XCConfigurationList section */
		DF3547C22BD7EB4800BB47C9 /* Build configuration list for PBXProject "Coffee App" */ = {
			isa = XCConfigurationList;
			buildConfigurations = (
				DF3547EA2BD7EB4900BB47C9 /* Debug */,
				DF3547EB2BD7EB4900BB47C9 /* Release */,
			);
			defaultConfigurationIsVisible = 0;
			defaultConfigurationName = Release;
		};
		DF3547EC2BD7EB4900BB47C9 /* Build configuration list for PBXNativeTarget "Coffee App" */ = {
			isa = XCConfigurationList;
			buildConfigurations = (
				DF3547ED2BD7EB4900BB47C9 /* Debug */,
				DF3547EE2BD7EB4900BB47C9 /* Release */,
			);
			defaultConfigurationIsVisible = 0;
			defaultConfigurationName = Release;
		};
		DF3547EF2BD7EB4900BB47C9 /* Build configuration list for PBXNativeTarget "Coffee AppTests" */ = {
			isa = XCConfigurationList;
			buildConfigurations = (
				DF3547F02BD7EB4900BB47C9 /* Debug */,
				DF3547F12BD7EB4900BB47C9 /* Release */,
			);
			defaultConfigurationIsVisible = 0;
			defaultConfigurationName = Release;
		};
		DF3547F22BD7EB4900BB47C9 /* Build configuration list for PBXNativeTarget "Coffee AppUITests" */ = {
			isa = XCConfigurationList;
			buildConfigurations = (
				DF3547F32BD7EB4900BB47C9 /* Debug */,
				DF3547F42BD7EB4900BB47C9 /* Release */,
			);
			defaultConfigurationIsVisible = 0;
			defaultConfigurationName = Release;
		};
/* End XCConfigurationList section */
	};
	rootObject = DF3547BF2BD7EB4800BB47C9 /* Project object */;
}
