// !$*UTF8*$!
{
	archiveVersion = 1;
	classes = {
	};
	objectVersion = 56;
	objects = {

/* Begin PBXBuildFile section */
		184B4DB72C6269AF00D7A9C6 /* SwipeView.swift in Sources */ = {isa = PBXBuildFile; fileRef = 184B4DB62C6269AF00D7A9C6 /* SwipeView.swift */; };
		18A81B202C5BDE4400019DBB /* CoffeeListItem.swift in Sources */ = {isa = PBXBuildFile; fileRef = 18A81B1F2C5BDE4400019DBB /* CoffeeListItem.swift */; };
		18A81B492C5BE72000019DBB /* GoogleService-Info.plist in Resources */ = {isa = PBXBuildFile; fileRef = 18A81B292C5BE72000019DBB /* GoogleService-Info.plist */; };
		18A81B4A2C5BE72000019DBB /* Launch Screen.storyboard in Resources */ = {isa = PBXBuildFile; fileRef = 18A81B2A2C5BE72000019DBB /* Launch Screen.storyboard */; };
		18A81B4E2C5BE72000019DBB /* CoffeeListViewModel.swift in Sources */ = {isa = PBXBuildFile; fileRef = 18A81B302C5BE72000019DBB /* CoffeeListViewModel.swift */; };
		18A81B542C5BE72000019DBB /* CLButton.swift in Sources */ = {isa = PBXBuildFile; fileRef = 18A81B372C5BE72000019DBB /* CLButton.swift */; };
		18A81B552C5BE72000019DBB /* CoffeeDetailView.swift in Sources */ = {isa = PBXBuildFile; fileRef = 18A81B382C5BE72000019DBB /* CoffeeDetailView.swift */; };
		18A81B5B2C5BE72000019DBB /* NewItemView.swift in Sources */ = {isa = PBXBuildFile; fileRef = 18A81B3E2C5BE72000019DBB /* NewItemView.swift */; };
		18A81B612C60323200019DBB /* EditItemView.swift in Sources */ = {isa = PBXBuildFile; fileRef = 18A81B602C60323200019DBB /* EditItemView.swift */; };
		18A81B632C616D4300019DBB /* SettingsView.swift in Sources */ = {isa = PBXBuildFile; fileRef = 18A81B622C616D4300019DBB /* SettingsView.swift */; };
		18A81B6C2C621E6E00019DBB /* SVGIcon.swift in Sources */ = {isa = PBXBuildFile; fileRef = 18A81B6B2C621E6E00019DBB /* SVGIcon.swift */; };
		DF3547CB2BD7EB4800BB47C9 /* Coffee_AppApp.swift in Sources */ = {isa = PBXBuildFile; fileRef = DF3547CA2BD7EB4800BB47C9 /* Coffee_AppApp.swift */; };
		DF3547CD2BD7EB4800BB47C9 /* MainView.swift in Sources */ = {isa = PBXBuildFile; fileRef = DF3547CC2BD7EB4800BB47C9 /* MainView.swift */; };
		DF3547CF2BD7EB4900BB47C9 /* Assets.xcassets in Resources */ = {isa = PBXBuildFile; fileRef = DF3547CE2BD7EB4900BB47C9 /* Assets.xcassets */; };
		DF3547D32BD7EB4900BB47C9 /* Preview Assets.xcassets in Resources */ = {isa = PBXBuildFile; fileRef = DF3547D22BD7EB4900BB47C9 /* Preview Assets.xcassets */; };
		DF3547DD2BD7EB4900BB47C9 /* Coffee_AppTests.swift in Sources */ = {isa = PBXBuildFile; fileRef = DF3547DC2BD7EB4900BB47C9 /* Coffee_AppTests.swift */; };
		DF3547E72BD7EB4900BB47C9 /* Coffee_AppUITests.swift in Sources */ = {isa = PBXBuildFile; fileRef = DF3547E62BD7EB4900BB47C9 /* Coffee_AppUITests.swift */; };
		DF3547E92BD7EB4900BB47C9 /* Coffee_AppUITestsLaunchTests.swift in Sources */ = {isa = PBXBuildFile; fileRef = DF3547E82BD7EB4900BB47C9 /* Coffee_AppUITestsLaunchTests.swift */; };
		DF3547FA2BD9031E00BB47C9 /* FirebaseAnalytics in Frameworks */ = {isa = PBXBuildFile; productRef = DF3547F92BD9031E00BB47C9 /* FirebaseAnalytics */; };
		DF3547FC2BD9031E00BB47C9 /* FirebaseAuth in Frameworks */ = {isa = PBXBuildFile; productRef = DF3547FB2BD9031E00BB47C9 /* FirebaseAuth */; };
		DF3547FE2BD9031E00BB47C9 /* FirebaseDatabase in Frameworks */ = {isa = PBXBuildFile; productRef = DF3547FD2BD9031E00BB47C9 /* FirebaseDatabase */; };
		DF3548002BD9031E00BB47C9 /* FirebaseDatabaseSwift in Frameworks */ = {isa = PBXBuildFile; productRef = DF3547FF2BD9031E00BB47C9 /* FirebaseDatabaseSwift */; };
		DF3548022BD9031E00BB47C9 /* FirebaseStorage in Frameworks */ = {isa = PBXBuildFile; productRef = DF3548012BD9031E00BB47C9 /* FirebaseStorage */; };
		DF3548052BD905C000BB47C9 /* FirebaseFirestore in Frameworks */ = {isa = PBXBuildFile; productRef = DF3548042BD905C000BB47C9 /* FirebaseFirestore */; };
		DF3548072BD905C000BB47C9 /* FirebaseFirestoreSwift in Frameworks */ = {isa = PBXBuildFile; productRef = DF3548062BD905C000BB47C9 /* FirebaseFirestoreSwift */; };
		DF35481A2BD909F300BB47C9 /* CoffeeListItemView.swift in Sources */ = {isa = PBXBuildFile; fileRef = DF3548192BD909F300BB47C9 /* CoffeeListItemView.swift */; };
		DF35481C2BD90A2100BB47C9 /* User.swift in Sources */ = {isa = PBXBuildFile; fileRef = DF35481B2BD90A2100BB47C9 /* User.swift */; };
		DF3548202BD90A5A00BB47C9 /* MainViewModel.swift in Sources */ = {isa = PBXBuildFile; fileRef = DF35481F2BD90A5A00BB47C9 /* MainViewModel.swift */; };
		DF3548222BD90A6100BB47C9 /* SettingsViewModel.swift in Sources */ = {isa = PBXBuildFile; fileRef = DF3548212BD90A6100BB47C9 /* SettingsViewModel.swift */; };
		DF3548262BD90A7700BB47C9 /* NewItemViewModel.swift in Sources */ = {isa = PBXBuildFile; fileRef = DF3548252BD90A7700BB47C9 /* NewItemViewModel.swift */; };
		DF35482C2BD90A9000BB47C9 /* CoffeeListItemViewModel.swift in Sources */ = {isa = PBXBuildFile; fileRef = DF35482B2BD90A9000BB47C9 /* CoffeeListItemViewModel.swift */; };
		DF3548322BDA9BF300BB47C9 /* Extensions.swift in Sources */ = {isa = PBXBuildFile; fileRef = DF3548312BDA9BF300BB47C9 /* Extensions.swift */; };
		DF3548342BDA9FA900BB47C9 /* CoffeeListView.swift in Sources */ = {isa = PBXBuildFile; fileRef = DF3548332BDA9FA900BB47C9 /* CoffeeListView.swift */; };
		DF3548382BDC08C000BB47C9 /* CoffeeDetailViewModel.swift in Sources */ = {isa = PBXBuildFile; fileRef = DF3548372BDC08C000BB47C9 /* CoffeeDetailViewModel.swift */; };
/* End PBXBuildFile section */

/* Begin PBXContainerItemProxy section */
		DF3547D92BD7EB4900BB47C9 /* PBXContainerItemProxy */ = {
			isa = PBXContainerItemProxy;
			containerPortal = DF3547BF2BD7EB4800BB47C9 /* Project object */;
			proxyType = 1;
			remoteGlobalIDString = DF3547C62BD7EB4800BB47C9;
			remoteInfo = "Coffee App";
		};
		DF3547E32BD7EB4900BB47C9 /* PBXContainerItemProxy */ = {
			isa = PBXContainerItemProxy;
			containerPortal = DF3547BF2BD7EB4800BB47C9 /* Project object */;
			proxyType = 1;
			remoteGlobalIDString = DF3547C62BD7EB4800BB47C9;
			remoteInfo = "Coffee App";
		};
/* End PBXContainerItemProxy section */

/* Begin PBXFileReference section */
		184B4DB62C6269AF00D7A9C6 /* SwipeView.swift */ = {isa = PBXFileReference; lastKnownFileType = sourcecode.swift; path = SwipeView.swift; sourceTree = "<group>"; };
		18A81B1F2C5BDE4400019DBB /* CoffeeListItem.swift */ = {isa = PBXFileReference; lastKnownFileType = sourcecode.swift; path = CoffeeListItem.swift; sourceTree = "<group>"; };
		18A81B232C5BE72000019DBB /* CoffeeListItem.swift */ = {isa = PBXFileReference; fileEncoding = 4; lastKnownFileType = sourcecode.swift; path = CoffeeListItem.swift; sourceTree = "<group>"; };
		18A81B242C5BE72000019DBB /* User.swift */ = {isa = PBXFileReference; fileEncoding = 4; lastKnownFileType = sourcecode.swift; path = User.swift; sourceTree = "<group>"; };
		18A81B262C5BE72000019DBB /* Assets.xcassets */ = {isa = PBXFileReference; lastKnownFileType = folder.assetcatalog; path = Assets.xcassets; sourceTree = "<group>"; };
		18A81B272C5BE72000019DBB /* Coffee_AppApp.swift */ = {isa = PBXFileReference; fileEncoding = 4; lastKnownFileType = sourcecode.swift; path = Coffee_AppApp.swift; sourceTree = "<group>"; };
		18A81B282C5BE72000019DBB /* Extensions.swift */ = {isa = PBXFileReference; fileEncoding = 4; lastKnownFileType = sourcecode.swift; path = Extensions.swift; sourceTree = "<group>"; };
		18A81B292C5BE72000019DBB /* GoogleService-Info.plist */ = {isa = PBXFileReference; fileEncoding = 4; lastKnownFileType = text.plist.xml; path = "GoogleService-Info.plist"; sourceTree = "<group>"; };
		18A81B2A2C5BE72000019DBB /* Launch Screen.storyboard */ = {isa = PBXFileReference; fileEncoding = 4; lastKnownFileType = file.storyboard; path = "Launch Screen.storyboard"; sourceTree = "<group>"; };
		18A81B2C2C5BE72000019DBB /* Preview Assets.xcassets */ = {isa = PBXFileReference; lastKnownFileType = folder.assetcatalog; path = "Preview Assets.xcassets"; sourceTree = "<group>"; };
		18A81B2E2C5BE72000019DBB /* CoffeeDetailViewModel.swift */ = {isa = PBXFileReference; fileEncoding = 4; lastKnownFileType = sourcecode.swift; path = CoffeeDetailViewModel.swift; sourceTree = "<group>"; };
		18A81B2F2C5BE72000019DBB /* CoffeeListItemViewModel.swift */ = {isa = PBXFileReference; fileEncoding = 4; lastKnownFileType = sourcecode.swift; path = CoffeeListItemViewModel.swift; sourceTree = "<group>"; };
		18A81B302C5BE72000019DBB /* CoffeeListViewModel.swift */ = {isa = PBXFileReference; fileEncoding = 4; lastKnownFileType = sourcecode.swift; path = CoffeeListViewModel.swift; sourceTree = "<group>"; };
		18A81B322C5BE72000019DBB /* MainViewModel.swift */ = {isa = PBXFileReference; fileEncoding = 4; lastKnownFileType = sourcecode.swift; path = MainViewModel.swift; sourceTree = "<group>"; };
		18A81B332C5BE72000019DBB /* NewItemViewModel.swift */ = {isa = PBXFileReference; fileEncoding = 4; lastKnownFileType = sourcecode.swift; path = NewItemViewModel.swift; sourceTree = "<group>"; };
		18A81B372C5BE72000019DBB /* CLButton.swift */ = {isa = PBXFileReference; fileEncoding = 4; lastKnownFileType = sourcecode.swift; path = CLButton.swift; sourceTree = "<group>"; };
		18A81B382C5BE72000019DBB /* CoffeeDetailView.swift */ = {isa = PBXFileReference; fileEncoding = 4; lastKnownFileType = sourcecode.swift; path = CoffeeDetailView.swift; sourceTree = "<group>"; };
		18A81B392C5BE72000019DBB /* CoffeeListItemView.swift */ = {isa = PBXFileReference; fileEncoding = 4; lastKnownFileType = sourcecode.swift; path = CoffeeListItemView.swift; sourceTree = "<group>"; };
		18A81B3A2C5BE72000019DBB /* CoffeeListView.swift */ = {isa = PBXFileReference; fileEncoding = 4; lastKnownFileType = sourcecode.swift; path = CoffeeListView.swift; sourceTree = "<group>"; };
		18A81B3B2C5BE72000019DBB /* HeaderView.swift */ = {isa = PBXFileReference; fileEncoding = 4; lastKnownFileType = sourcecode.swift; path = HeaderView.swift; sourceTree = "<group>"; };
		18A81B3D2C5BE72000019DBB /* MainView.swift */ = {isa = PBXFileReference; fileEncoding = 4; lastKnownFileType = sourcecode.swift; path = MainView.swift; sourceTree = "<group>"; };
		18A81B3E2C5BE72000019DBB /* NewItemView.swift */ = {isa = PBXFileReference; fileEncoding = 4; lastKnownFileType = sourcecode.swift; path = NewItemView.swift; sourceTree = "<group>"; };
		18A81B422C5BE72000019DBB /* Coffee_App.entitlements */ = {isa = PBXFileReference; fileEncoding = 4; lastKnownFileType = text.plist.entitlements; path = Coffee_App.entitlements; sourceTree = "<group>"; };
		18A81B5E2C5BE74700019DBB /* GoogleService-Info.plist */ = {isa = PBXFileReference; fileEncoding = 4; lastKnownFileType = text.plist.xml; name = "GoogleService-Info.plist"; path = "../../GoogleService-Info.plist"; sourceTree = "<group>"; };
		18A81B602C60323200019DBB /* EditItemView.swift */ = {isa = PBXFileReference; lastKnownFileType = sourcecode.swift; path = EditItemView.swift; sourceTree = "<group>"; };
		18A81B622C616D4300019DBB /* SettingsView.swift */ = {isa = PBXFileReference; lastKnownFileType = sourcecode.swift; path = SettingsView.swift; sourceTree = "<group>"; };
		18A81B6B2C621E6E00019DBB /* SVGIcon.swift */ = {isa = PBXFileReference; lastKnownFileType = sourcecode.swift; path = SVGIcon.swift; sourceTree = "<group>"; };
		DF3547C72BD7EB4800BB47C9 /* Coffee App.app */ = {isa = PBXFileReference; explicitFileType = wrapper.application; includeInIndex = 0; path = "Coffee App.app"; sourceTree = BUILT_PRODUCTS_DIR; };
		DF3547CA2BD7EB4800BB47C9 /* Coffee_AppApp.swift */ = {isa = PBXFileReference; lastKnownFileType = sourcecode.swift; path = Coffee_AppApp.swift; sourceTree = "<group>"; };
		DF3547CC2BD7EB4800BB47C9 /* MainView.swift */ = {isa = PBXFileReference; lastKnownFileType = sourcecode.swift; path = MainView.swift; sourceTree = "<group>"; };
		DF3547CE2BD7EB4900BB47C9 /* Assets.xcassets */ = {isa = PBXFileReference; lastKnownFileType = folder.assetcatalog; path = Assets.xcassets; sourceTree = "<group>"; };
		DF3547D02BD7EB4900BB47C9 /* Coffee_App.entitlements */ = {isa = PBXFileReference; lastKnownFileType = text.plist.entitlements; path = Coffee_App.entitlements; sourceTree = "<group>"; };
		DF3547D22BD7EB4900BB47C9 /* Preview Assets.xcassets */ = {isa = PBXFileReference; lastKnownFileType = folder.assetcatalog; path = "Preview Assets.xcassets"; sourceTree = "<group>"; };
		DF3547D82BD7EB4900BB47C9 /* Coffee AppTests.xctest */ = {isa = PBXFileReference; explicitFileType = wrapper.cfbundle; includeInIndex = 0; path = "Coffee AppTests.xctest"; sourceTree = BUILT_PRODUCTS_DIR; };
		DF3547DC2BD7EB4900BB47C9 /* Coffee_AppTests.swift */ = {isa = PBXFileReference; lastKnownFileType = sourcecode.swift; path = Coffee_AppTests.swift; sourceTree = "<group>"; };
		DF3547E22BD7EB4900BB47C9 /* Coffee AppUITests.xctest */ = {isa = PBXFileReference; explicitFileType = wrapper.cfbundle; includeInIndex = 0; path = "Coffee AppUITests.xctest"; sourceTree = BUILT_PRODUCTS_DIR; };
		DF3547E62BD7EB4900BB47C9 /* Coffee_AppUITests.swift */ = {isa = PBXFileReference; lastKnownFileType = sourcecode.swift; path = Coffee_AppUITests.swift; sourceTree = "<group>"; };
		DF3547E82BD7EB4900BB47C9 /* Coffee_AppUITestsLaunchTests.swift */ = {isa = PBXFileReference; lastKnownFileType = sourcecode.swift; path = Coffee_AppUITestsLaunchTests.swift; sourceTree = "<group>"; };
		DF3547F52BD9006500BB47C9 /* GoogleService-Info.plist */ = {isa = PBXFileReference; fileEncoding = 4; lastKnownFileType = text.plist.xml; name = "GoogleService-Info.plist"; path = "../../../../../Downloads/GoogleService-Info.plist"; sourceTree = "<group>"; };
		DF3548132BD909B500BB47C9 /* NewItemView.swift */ = {isa = PBXFileReference; lastKnownFileType = sourcecode.swift; path = NewItemView.swift; sourceTree = "<group>"; };
		DF3548192BD909F300BB47C9 /* CoffeeListItemView.swift */ = {isa = PBXFileReference; lastKnownFileType = sourcecode.swift; path = CoffeeListItemView.swift; sourceTree = "<group>"; };
		DF35481B2BD90A2100BB47C9 /* User.swift */ = {isa = PBXFileReference; lastKnownFileType = sourcecode.swift; path = User.swift; sourceTree = "<group>"; };
		DF35481F2BD90A5A00BB47C9 /* MainViewModel.swift */ = {isa = PBXFileReference; lastKnownFileType = sourcecode.swift; path = MainViewModel.swift; sourceTree = "<group>"; };
		DF3548212BD90A6100BB47C9 /* SettingsViewModel.swift */ = {isa = PBXFileReference; lastKnownFileType = sourcecode.swift; path = SettingsViewModel.swift; sourceTree = "<group>"; };
		DF3548232BD90A6800BB47C9 /* CoffeeListViewModel.swift */ = {isa = PBXFileReference; lastKnownFileType = sourcecode.swift; path = CoffeeListViewModel.swift; sourceTree = "<group>"; };
		DF3548252BD90A7700BB47C9 /* NewItemViewModel.swift */ = {isa = PBXFileReference; lastKnownFileType = sourcecode.swift; path = NewItemViewModel.swift; sourceTree = "<group>"; };
		DF35482B2BD90A9000BB47C9 /* CoffeeListItemViewModel.swift */ = {isa = PBXFileReference; lastKnownFileType = sourcecode.swift; path = CoffeeListItemViewModel.swift; sourceTree = "<group>"; };
		DF35482F2BD953D100BB47C9 /* CLButton.swift */ = {isa = PBXFileReference; lastKnownFileType = sourcecode.swift; path = CLButton.swift; sourceTree = "<group>"; };
		DF3548312BDA9BF300BB47C9 /* Extensions.swift */ = {isa = PBXFileReference; lastKnownFileType = sourcecode.swift; path = Extensions.swift; sourceTree = "<group>"; };
		DF3548332BDA9FA900BB47C9 /* CoffeeListView.swift */ = {isa = PBXFileReference; lastKnownFileType = sourcecode.swift; path = CoffeeListView.swift; sourceTree = "<group>"; };
		DF3548352BDC08B400BB47C9 /* CoffeeDetailView.swift */ = {isa = PBXFileReference; lastKnownFileType = sourcecode.swift; path = CoffeeDetailView.swift; sourceTree = "<group>"; };
		DF3548372BDC08C000BB47C9 /* CoffeeDetailViewModel.swift */ = {isa = PBXFileReference; lastKnownFileType = sourcecode.swift; path = CoffeeDetailViewModel.swift; sourceTree = "<group>"; };
		DF3548392BF4C45A00BB47C9 /* Launch Screen.storyboard */ = {isa = PBXFileReference; lastKnownFileType = file.storyboard; path = "Launch Screen.storyboard"; sourceTree = "<group>"; };
/* End PBXFileReference section */

/* Begin PBXFrameworksBuildPhase section */
		DF3547C42BD7EB4800BB47C9 /* Frameworks */ = {
			isa = PBXFrameworksBuildPhase;
			buildActionMask = 2147483647;
			files = (
				DF3548002BD9031E00BB47C9 /* FirebaseDatabaseSwift in Frameworks */,
				DF3547FE2BD9031E00BB47C9 /* FirebaseDatabase in Frameworks */,
				DF3547FA2BD9031E00BB47C9 /* FirebaseAnalytics in Frameworks */,
				DF3548072BD905C000BB47C9 /* FirebaseFirestoreSwift in Frameworks */,
				DF3548022BD9031E00BB47C9 /* FirebaseStorage in Frameworks */,
				DF3547FC2BD9031E00BB47C9 /* FirebaseAuth in Frameworks */,
				DF3548052BD905C000BB47C9 /* FirebaseFirestore in Frameworks */,
			);
			runOnlyForDeploymentPostprocessing = 0;
		};
		DF3547D52BD7EB4900BB47C9 /* Frameworks */ = {
			isa = PBXFrameworksBuildPhase;
			buildActionMask = 2147483647;
			files = (
			);
			runOnlyForDeploymentPostprocessing = 0;
		};
		DF3547DF2BD7EB4900BB47C9 /* Frameworks */ = {
			isa = PBXFrameworksBuildPhase;
			buildActionMask = 2147483647;
			files = (
			);
			runOnlyForDeploymentPostprocessing = 0;
		};
/* End PBXFrameworksBuildPhase section */

/* Begin PBXGroup section */
		18A81B252C5BE72000019DBB /* Models */ = {
			isa = PBXGroup;
			children = (
				18A81B232C5BE72000019DBB /* CoffeeListItem.swift */,
				18A81B242C5BE72000019DBB /* User.swift */,
			);
			path = Models;
			sourceTree = "<group>";
		};
		18A81B2B2C5BE72000019DBB /* Other */ = {
			isa = PBXGroup;
			children = (
				18A81B262C5BE72000019DBB /* Assets.xcassets */,
				18A81B272C5BE72000019DBB /* Coffee_AppApp.swift */,
				18A81B282C5BE72000019DBB /* Extensions.swift */,
				18A81B292C5BE72000019DBB /* GoogleService-Info.plist */,
				18A81B2A2C5BE72000019DBB /* Launch Screen.storyboard */,
			);
			path = Other;
			sourceTree = "<group>";
		};
		18A81B2D2C5BE72000019DBB /* Preview Content */ = {
			isa = PBXGroup;
			children = (
				18A81B2C2C5BE72000019DBB /* Preview Assets.xcassets */,
			);
			path = "Preview Content";
			sourceTree = "<group>";
		};
		18A81B362C5BE72000019DBB /* ViewModels */ = {
			isa = PBXGroup;
			children = (
				18A81B2E2C5BE72000019DBB /* CoffeeDetailViewModel.swift */,
				18A81B2F2C5BE72000019DBB /* CoffeeListItemViewModel.swift */,
				18A81B302C5BE72000019DBB /* CoffeeListViewModel.swift */,
				18A81B322C5BE72000019DBB /* MainViewModel.swift */,
				18A81B332C5BE72000019DBB /* NewItemViewModel.swift */,
			);
			path = ViewModels;
			sourceTree = "<group>";
		};
		18A81B412C5BE72000019DBB /* Views */ = {
			isa = PBXGroup;
			children = (
				18A81B372C5BE72000019DBB /* CLButton.swift */,
				18A81B382C5BE72000019DBB /* CoffeeDetailView.swift */,
				18A81B392C5BE72000019DBB /* CoffeeListItemView.swift */,
				18A81B3A2C5BE72000019DBB /* CoffeeListView.swift */,
				18A81B3B2C5BE72000019DBB /* HeaderView.swift */,
				18A81B3D2C5BE72000019DBB /* MainView.swift */,
				18A81B3E2C5BE72000019DBB /* NewItemView.swift */,
			);
			path = Views;
			sourceTree = "<group>";
		};
		18A81B432C5BE72000019DBB /* Coffee App */ = {
			isa = PBXGroup;
			children = (
				18A81B252C5BE72000019DBB /* Models */,
				18A81B2B2C5BE72000019DBB /* Other */,
				18A81B2D2C5BE72000019DBB /* Preview Content */,
				18A81B362C5BE72000019DBB /* ViewModels */,
				18A81B412C5BE72000019DBB /* Views */,
				18A81B422C5BE72000019DBB /* Coffee_App.entitlements */,
			);
			path = "Coffee App";
			sourceTree = "<group>";
		};
		DF3547BE2BD7EB4800BB47C9 = {
			isa = PBXGroup;
			children = (
				DF3547C92BD7EB4800BB47C9 /* Coffee App */,
				18A81B432C5BE72000019DBB /* Coffee App */,
				DF3547DB2BD7EB4900BB47C9 /* Coffee AppTests */,
				DF3547E52BD7EB4900BB47C9 /* Coffee AppUITests */,
				DF3547C82BD7EB4800BB47C9 /* Products */,
				DF3548032BD905C000BB47C9 /* Frameworks */,
			);
			sourceTree = "<group>";
		};
		DF3547C82BD7EB4800BB47C9 /* Products */ = {
			isa = PBXGroup;
			children = (
				DF3547C72BD7EB4800BB47C9 /* Coffee App.app */,
				DF3547D82BD7EB4900BB47C9 /* Coffee AppTests.xctest */,
				DF3547E22BD7EB4900BB47C9 /* Coffee AppUITests.xctest */,
			);
			name = Products;
			sourceTree = "<group>";
		};
		DF3547C92BD7EB4800BB47C9 /* Coffee App */ = {
			isa = PBXGroup;
			children = (
				DF3547D02BD7EB4900BB47C9 /* Coffee_App.entitlements */,
				DF35480B2BD9071200BB47C9 /* Other */,
				DF35480A2BD906E300BB47C9 /* Models */,
				DF3548092BD906CE00BB47C9 /* ViewModels */,
				DF3548082BD906C700BB47C9 /* Views */,
				DF3547D12BD7EB4900BB47C9 /* Preview Content */,
			);
			path = "Coffee App";
			sourceTree = "<group>";
		};
		DF3547D12BD7EB4900BB47C9 /* Preview Content */ = {
			isa = PBXGroup;
			children = (
				DF3547F52BD9006500BB47C9 /* GoogleService-Info.plist */,
				DF3547D22BD7EB4900BB47C9 /* Preview Assets.xcassets */,
			);
			path = "Preview Content";
			sourceTree = "<group>";
		};
		DF3547DB2BD7EB4900BB47C9 /* Coffee AppTests */ = {
			isa = PBXGroup;
			children = (
				DF3547DC2BD7EB4900BB47C9 /* Coffee_AppTests.swift */,
			);
			path = "Coffee AppTests";
			sourceTree = "<group>";
		};
		DF3547E52BD7EB4900BB47C9 /* Coffee AppUITests */ = {
			isa = PBXGroup;
			children = (
				DF3547E62BD7EB4900BB47C9 /* Coffee_AppUITests.swift */,
				DF3547E82BD7EB4900BB47C9 /* Coffee_AppUITestsLaunchTests.swift */,
			);
			path = "Coffee AppUITests";
			sourceTree = "<group>";
		};
		DF3548032BD905C000BB47C9 /* Frameworks */ = {
			isa = PBXGroup;
			children = (
			);
			name = Frameworks;
			sourceTree = "<group>";
		};
		DF3548082BD906C700BB47C9 /* Views */ = {
			isa = PBXGroup;
			children = (
				DF3547CC2BD7EB4800BB47C9 /* MainView.swift */,
				18A81B622C616D4300019DBB /* SettingsView.swift */,
				DF35482F2BD953D100BB47C9 /* CLButton.swift */,
				DF3548132BD909B500BB47C9 /* NewItemView.swift */,
				DF3548192BD909F300BB47C9 /* CoffeeListItemView.swift */,
				DF3548332BDA9FA900BB47C9 /* CoffeeListView.swift */,
				DF3548352BDC08B400BB47C9 /* CoffeeDetailView.swift */,
				18A81B602C60323200019DBB /* EditItemView.swift */,
				18A81B6B2C621E6E00019DBB /* SVGIcon.swift */,
				184B4DB62C6269AF00D7A9C6 /* SwipeView.swift */,
			);
			path = Views;
			sourceTree = "<group>";
		};
		DF3548092BD906CE00BB47C9 /* ViewModels */ = {
			isa = PBXGroup;
			children = (
				DF35481F2BD90A5A00BB47C9 /* MainViewModel.swift */,
				DF3548212BD90A6100BB47C9 /* SettingsViewModel.swift */,
				DF3548252BD90A7700BB47C9 /* NewItemViewModel.swift */,
				DF3548232BD90A6800BB47C9 /* CoffeeListViewModel.swift */,
				DF35482B2BD90A9000BB47C9 /* CoffeeListItemViewModel.swift */,
				DF3548372BDC08C000BB47C9 /* CoffeeDetailViewModel.swift */,
			);
			path = ViewModels;
			sourceTree = "<group>";
		};
		DF35480A2BD906E300BB47C9 /* Models */ = {
			isa = PBXGroup;
			children = (
				DF35481B2BD90A2100BB47C9 /* User.swift */,
				18A81B1F2C5BDE4400019DBB /* CoffeeListItem.swift */,
			);
			path = Models;
			sourceTree = "<group>";
		};
		DF35480B2BD9071200BB47C9 /* Other */ = {
			isa = PBXGroup;
			children = (
				DF3547CE2BD7EB4900BB47C9 /* Assets.xcassets */,
				DF3547CA2BD7EB4800BB47C9 /* Coffee_AppApp.swift */,
				DF3548312BDA9BF300BB47C9 /* Extensions.swift */,
				DF3548392BF4C45A00BB47C9 /* Launch Screen.storyboard */,
				18A81B5E2C5BE74700019DBB /* GoogleService-Info.plist */,
			);
			path = Other;
			sourceTree = "<group>";
		};
/* End PBXGroup section */

/* Begin PBXNativeTarget section */
		DF3547C62BD7EB4800BB47C9 /* Coffee App */ = {
			isa = PBXNativeTarget;
			buildConfigurationList = DF3547EC2BD7EB4900BB47C9 /* Build configuration list for PBXNativeTarget "Coffee App" */;
			buildPhases = (
				DF3547C32BD7EB4800BB47C9 /* Sources */,
				DF3547C42BD7EB4800BB47C9 /* Frameworks */,
				DF3547C52BD7EB4800BB47C9 /* Resources */,
			);
			buildRules = (
			);
			dependencies = (
			);
			name = "Coffee App";
			packageProductDependencies = (
				DF3547F92BD9031E00BB47C9 /* FirebaseAnalytics */,
				DF3547FB2BD9031E00BB47C9 /* FirebaseAuth */,
				DF3547FD2BD9031E00BB47C9 /* FirebaseDatabase */,
				DF3547FF2BD9031E00BB47C9 /* FirebaseDatabaseSwift */,
				DF3548012BD9031E00BB47C9 /* FirebaseStorage */,
				DF3548042BD905C000BB47C9 /* FirebaseFirestore */,
				DF3548062BD905C000BB47C9 /* FirebaseFirestoreSwift */,
			);
			productName = "Coffee App";
			productReference = DF3547C72BD7EB4800BB47C9 /* Coffee App.app */;
			productType = "com.apple.product-type.application";
		};
		DF3547D72BD7EB4900BB47C9 /* Coffee AppTests */ = {
			isa = PBXNativeTarget;
			buildConfigurationList = DF3547EF2BD7EB4900BB47C9 /* Build configuration list for PBXNativeTarget "Coffee AppTests" */;
			buildPhases = (
				DF3547D42BD7EB4900BB47C9 /* Sources */,
				DF3547D52BD7EB4900BB47C9 /* Frameworks */,
				DF3547D62BD7EB4900BB47C9 /* Resources */,
			);
			buildRules = (
			);
			dependencies = (
				DF3547DA2BD7EB4900BB47C9 /* PBXTargetDependency */,
			);
			name = "Coffee AppTests";
			productName = "Coffee AppTests";
			productReference = DF3547D82BD7EB4900BB47C9 /* Coffee AppTests.xctest */;
			productType = "com.apple.product-type.bundle.unit-test";
		};
		DF3547E12BD7EB4900BB47C9 /* Coffee AppUITests */ = {
			isa = PBXNativeTarget;
			buildConfigurationList = DF3547F22BD7EB4900BB47C9 /* Build configuration list for PBXNativeTarget "Coffee AppUITests" */;
			buildPhases = (
				DF3547DE2BD7EB4900BB47C9 /* Sources */,
				DF3547DF2BD7EB4900BB47C9 /* Frameworks */,
				DF3547E02BD7EB4900BB47C9 /* Resources */,
			);
			buildRules = (
			);
			dependencies = (
				DF3547E42BD7EB4900BB47C9 /* PBXTargetDependency */,
			);
			name = "Coffee AppUITests";
			productName = "Coffee AppUITests";
			productReference = DF3547E22BD7EB4900BB47C9 /* Coffee AppUITests.xctest */;
			productType = "com.apple.product-type.bundle.ui-testing";
		};
/* End PBXNativeTarget section */

/* Begin PBXProject section */
		DF3547BF2BD7EB4800BB47C9 /* Project object */ = {
			isa = PBXProject;
			attributes = {
				BuildIndependentTargetsInParallel = 1;
				LastSwiftUpdateCheck = 1420;
				LastUpgradeCheck = 1540;
				TargetAttributes = {
					DF3547C62BD7EB4800BB47C9 = {
						CreatedOnToolsVersion = 14.2;
					};
					DF3547D72BD7EB4900BB47C9 = {
						CreatedOnToolsVersion = 14.2;
						TestTargetID = DF3547C62BD7EB4800BB47C9;
					};
					DF3547E12BD7EB4900BB47C9 = {
						CreatedOnToolsVersion = 14.2;
						TestTargetID = DF3547C62BD7EB4800BB47C9;
					};
				};
			};
			buildConfigurationList = DF3547C22BD7EB4800BB47C9 /* Build configuration list for PBXProject "Coffee App" */;
			compatibilityVersion = "Xcode 14.0";
			developmentRegion = en;
			hasScannedForEncodings = 0;
			knownRegions = (
				en,
				Base,
			);
			mainGroup = DF3547BE2BD7EB4800BB47C9;
			packageReferences = (
				DF3547F82BD9031E00BB47C9 /* XCRemoteSwiftPackageReference "firebase-ios-sdk" */,
			);
			productRefGroup = DF3547C82BD7EB4800BB47C9 /* Products */;
			projectDirPath = "";
			projectRoot = "";
			targets = (
				DF3547C62BD7EB4800BB47C9 /* Coffee App */,
				DF3547D72BD7EB4900BB47C9 /* Coffee AppTests */,
				DF3547E12BD7EB4900BB47C9 /* Coffee AppUITests */,
			);
		};
/* End PBXProject section */

/* Begin PBXResourcesBuildPhase section */
		DF3547C52BD7EB4800BB47C9 /* Resources */ = {
			isa = PBXResourcesBuildPhase;
			buildActionMask = 2147483647;
			files = (
				18A81B4A2C5BE72000019DBB /* Launch Screen.storyboard in Resources */,
				DF3547D32BD7EB4900BB47C9 /* Preview Assets.xcassets in Resources */,
				DF3547CF2BD7EB4900BB47C9 /* Assets.xcassets in Resources */,
				18A81B492C5BE72000019DBB /* GoogleService-Info.plist in Resources */,
			);
			runOnlyForDeploymentPostprocessing = 0;
		};
		DF3547D62BD7EB4900BB47C9 /* Resources */ = {
			isa = PBXResourcesBuildPhase;
			buildActionMask = 2147483647;
			files = (
			);
			runOnlyForDeploymentPostprocessing = 0;
		};
		DF3547E02BD7EB4900BB47C9 /* Resources */ = {
			isa = PBXResourcesBuildPhase;
			buildActionMask = 2147483647;
			files = (
			);
			runOnlyForDeploymentPostprocessing = 0;
		};
/* End PBXResourcesBuildPhase section */

/* Begin PBXSourcesBuildPhase section */
		DF3547C32BD7EB4800BB47C9 /* Sources */ = {
			isa = PBXSourcesBuildPhase;
			buildActionMask = 2147483647;
			files = (
				184B4DB72C6269AF00D7A9C6 /* SwipeView.swift in Sources */,
				DF35482C2BD90A9000BB47C9 /* CoffeeListItemViewModel.swift in Sources */,
				18A81B4E2C5BE72000019DBB /* CoffeeListViewModel.swift in Sources */,
				18A81B552C5BE72000019DBB /* CoffeeDetailView.swift in Sources */,
				18A81B542C5BE72000019DBB /* CLButton.swift in Sources */,
				DF3548382BDC08C000BB47C9 /* CoffeeDetailViewModel.swift in Sources */,
				DF35481A2BD909F300BB47C9 /* CoffeeListItemView.swift in Sources */,
				18A81B202C5BDE4400019DBB /* CoffeeListItem.swift in Sources */,
				DF3548342BDA9FA900BB47C9 /* CoffeeListView.swift in Sources */,
				DF3547CD2BD7EB4800BB47C9 /* MainView.swift in Sources */,
				DF3548222BD90A6100BB47C9 /* SettingsViewModel.swift in Sources */,
				18A81B6C2C621E6E00019DBB /* SVGIcon.swift in Sources */,
				DF3548262BD90A7700BB47C9 /* NewItemViewModel.swift in Sources */,
				18A81B632C616D4300019DBB /* SettingsView.swift in Sources */,
				18A81B612C60323200019DBB /* EditItemView.swift in Sources */,
				DF35481C2BD90A2100BB47C9 /* User.swift in Sources */,
				DF3548322BDA9BF300BB47C9 /* Extensions.swift in Sources */,
				DF3547CB2BD7EB4800BB47C9 /* Coffee_AppApp.swift in Sources */,
				18A81B5B2C5BE72000019DBB /* NewItemView.swift in Sources */,
				DF3548202BD90A5A00BB47C9 /* MainViewModel.swift in Sources */,
			);
			runOnlyForDeploymentPostprocessing = 0;
		};
		DF3547D42BD7EB4900BB47C9 /* Sources */ = {
			isa = PBXSourcesBuildPhase;
			buildActionMask = 2147483647;
			files = (
				DF3547DD2BD7EB4900BB47C9 /* Coffee_AppTests.swift in Sources */,
			);
			runOnlyForDeploymentPostprocessing = 0;
		};
		DF3547DE2BD7EB4900BB47C9 /* Sources */ = {
			isa = PBXSourcesBuildPhase;
			buildActionMask = 2147483647;
			files = (
				DF3547E92BD7EB4900BB47C9 /* Coffee_AppUITestsLaunchTests.swift in Sources */,
				DF3547E72BD7EB4900BB47C9 /* Coffee_AppUITests.swift in Sources */,
			);
			runOnlyForDeploymentPostprocessing = 0;
		};
/* End PBXSourcesBuildPhase section */

/* Begin PBXTargetDependency section */
		DF3547DA2BD7EB4900BB47C9 /* PBXTargetDependency */ = {
			isa = PBXTargetDependency;
			target = DF3547C62BD7EB4800BB47C9 /* Coffee App */;
			targetProxy = DF3547D92BD7EB4900BB47C9 /* PBXContainerItemProxy */;
		};
		DF3547E42BD7EB4900BB47C9 /* PBXTargetDependency */ = {
			isa = PBXTargetDependency;
			target = DF3547C62BD7EB4800BB47C9 /* Coffee App */;
			targetProxy = DF3547E32BD7EB4900BB47C9 /* PBXContainerItemProxy */;
		};
/* End PBXTargetDependency section */

/* Begin XCBuildConfiguration section */
		DF3547EA2BD7EB4900BB47C9 /* Debug */ = {
			isa = XCBuildConfiguration;
			buildSettings = {
				ALWAYS_SEARCH_USER_PATHS = NO;
				CLANG_ANALYZER_NONNULL = YES;
				CLANG_ANALYZER_NUMBER_OBJECT_CONVERSION = YES_AGGRESSIVE;
				CLANG_CXX_LANGUAGE_STANDARD = "gnu++20";
				CLANG_ENABLE_MODULES = YES;
				CLANG_ENABLE_OBJC_ARC = YES;
				CLANG_ENABLE_OBJC_WEAK = YES;
				CLANG_WARN_BLOCK_CAPTURE_AUTORELEASING = YES;
				CLANG_WARN_BOOL_CONVERSION = YES;
				CLANG_WARN_COMMA = YES;
				CLANG_WARN_CONSTANT_CONVERSION = YES;
				CLANG_WARN_DEPRECATED_OBJC_IMPLEMENTATIONS = YES;
				CLANG_WARN_DIRECT_OBJC_ISA_USAGE = YES_ERROR;
				CLANG_WARN_DOCUMENTATION_COMMENTS = YES;
				CLANG_WARN_EMPTY_BODY = YES;
				CLANG_WARN_ENUM_CONVERSION = YES;
				CLANG_WARN_INFINITE_RECURSION = YES;
				CLANG_WARN_INT_CONVERSION = YES;
				CLANG_WARN_NON_LITERAL_NULL_CONVERSION = YES;
				CLANG_WARN_OBJC_IMPLICIT_RETAIN_SELF = YES;
				CLANG_WARN_OBJC_LITERAL_CONVERSION = YES;
				CLANG_WARN_OBJC_ROOT_CLASS = YES_ERROR;
				CLANG_WARN_QUOTED_INCLUDE_IN_FRAMEWORK_HEADER = YES;
				CLANG_WARN_RANGE_LOOP_ANALYSIS = YES;
				CLANG_WARN_STRICT_PROTOTYPES = YES;
				CLANG_WARN_SUSPICIOUS_MOVE = YES;
				CLANG_WARN_UNGUARDED_AVAILABILITY = YES_AGGRESSIVE;
				CLANG_WARN_UNREACHABLE_CODE = YES;
				CLANG_WARN__DUPLICATE_METHOD_MATCH = YES;
				COPY_PHASE_STRIP = NO;
				DEAD_CODE_STRIPPING = YES;
				DEBUG_INFORMATION_FORMAT = dwarf;
				ENABLE_STRICT_OBJC_MSGSEND = YES;
				ENABLE_TESTABILITY = YES;
				ENABLE_USER_SCRIPT_SANDBOXING = YES;
				GCC_C_LANGUAGE_STANDARD = gnu11;
				GCC_DYNAMIC_NO_PIC = NO;
				GCC_NO_COMMON_BLOCKS = YES;
				GCC_OPTIMIZATION_LEVEL = 0;
				GCC_PREPROCESSOR_DEFINITIONS = (
					"DEBUG=1",
					"$(inherited)",
				);
				GCC_WARN_64_TO_32_BIT_CONVERSION = YES;
				GCC_WARN_ABOUT_RETURN_TYPE = YES_ERROR;
				GCC_WARN_UNDECLARED_SELECTOR = YES;
				GCC_WARN_UNINITIALIZED_AUTOS = YES_AGGRESSIVE;
				GCC_WARN_UNUSED_FUNCTION = YES;
				GCC_WARN_UNUSED_VARIABLE = YES;
				MTL_ENABLE_DEBUG_INFO = INCLUDE_SOURCE;
				MTL_FAST_MATH = YES;
				ONLY_ACTIVE_ARCH = YES;
				SWIFT_ACTIVE_COMPILATION_CONDITIONS = DEBUG;
				SWIFT_OPTIMIZATION_LEVEL = "-Onone";
			};
			name = Debug;
		};
		DF3547EB2BD7EB4900BB47C9 /* Release */ = {
			isa = XCBuildConfiguration;
			buildSettings = {
				ALWAYS_SEARCH_USER_PATHS = NO;
				CLANG_ANALYZER_NONNULL = YES;
				CLANG_ANALYZER_NUMBER_OBJECT_CONVERSION = YES_AGGRESSIVE;
				CLANG_CXX_LANGUAGE_STANDARD = "gnu++20";
				CLANG_ENABLE_MODULES = YES;
				CLANG_ENABLE_OBJC_ARC = YES;
				CLANG_ENABLE_OBJC_WEAK = YES;
				CLANG_WARN_BLOCK_CAPTURE_AUTORELEASING = YES;
				CLANG_WARN_BOOL_CONVERSION = YES;
				CLANG_WARN_COMMA = YES;
				CLANG_WARN_CONSTANT_CONVERSION = YES;
				CLANG_WARN_DEPRECATED_OBJC_IMPLEMENTATIONS = YES;
				CLANG_WARN_DIRECT_OBJC_ISA_USAGE = YES_ERROR;
				CLANG_WARN_DOCUMENTATION_COMMENTS = YES;
				CLANG_WARN_EMPTY_BODY = YES;
				CLANG_WARN_ENUM_CONVERSION = YES;
				CLANG_WARN_INFINITE_RECURSION = YES;
				CLANG_WARN_INT_CONVERSION = YES;
				CLANG_WARN_NON_LITERAL_NULL_CONVERSION = YES;
				CLANG_WARN_OBJC_IMPLICIT_RETAIN_SELF = YES;
				CLANG_WARN_OBJC_LITERAL_CONVERSION = YES;
				CLANG_WARN_OBJC_ROOT_CLASS = YES_ERROR;
				CLANG_WARN_QUOTED_INCLUDE_IN_FRAMEWORK_HEADER = YES;
				CLANG_WARN_RANGE_LOOP_ANALYSIS = YES;
				CLANG_WARN_STRICT_PROTOTYPES = YES;
				CLANG_WARN_SUSPICIOUS_MOVE = YES;
				CLANG_WARN_UNGUARDED_AVAILABILITY = YES_AGGRESSIVE;
				CLANG_WARN_UNREACHABLE_CODE = YES;
				CLANG_WARN__DUPLICATE_METHOD_MATCH = YES;
				COPY_PHASE_STRIP = NO;
				DEAD_CODE_STRIPPING = YES;
				DEBUG_INFORMATION_FORMAT = "dwarf-with-dsym";
				ENABLE_NS_ASSERTIONS = NO;
				ENABLE_STRICT_OBJC_MSGSEND = YES;
				ENABLE_USER_SCRIPT_SANDBOXING = YES;
				GCC_C_LANGUAGE_STANDARD = gnu11;
				GCC_NO_COMMON_BLOCKS = YES;
				GCC_WARN_64_TO_32_BIT_CONVERSION = YES;
				GCC_WARN_ABOUT_RETURN_TYPE = YES_ERROR;
				GCC_WARN_UNDECLARED_SELECTOR = YES;
				GCC_WARN_UNINITIALIZED_AUTOS = YES_AGGRESSIVE;
				GCC_WARN_UNUSED_FUNCTION = YES;
				GCC_WARN_UNUSED_VARIABLE = YES;
				MTL_ENABLE_DEBUG_INFO = NO;
				MTL_FAST_MATH = YES;
				SWIFT_COMPILATION_MODE = wholemodule;
				SWIFT_OPTIMIZATION_LEVEL = "-O";
			};
			name = Release;
		};
		DF3547ED2BD7EB4900BB47C9 /* Debug */ = {
			isa = XCBuildConfiguration;
			buildSettings = {
				ASSETCATALOG_COMPILER_APPICON_NAME = AppIcon;
				ASSETCATALOG_COMPILER_GLOBAL_ACCENT_COLOR_NAME = AccentColor;
				CODE_SIGN_ENTITLEMENTS = "Coffee App/Coffee_App.entitlements";
				"CODE_SIGN_IDENTITY[sdk=macosx*]" = "-";
				CODE_SIGN_STYLE = Automatic;
				CURRENT_PROJECT_VERSION = 1;
				DEVELOPMENT_ASSET_PATHS = "\"Coffee App/Preview Content\"";
				ENABLE_PREVIEWS = YES;
				GENERATE_INFOPLIST_FILE = YES;
				"INFOPLIST_KEY_UIApplicationSceneManifest_Generation[sdk=iphoneos*]" = YES;
				"INFOPLIST_KEY_UIApplicationSceneManifest_Generation[sdk=iphonesimulator*]" = YES;
				"INFOPLIST_KEY_UIApplicationSupportsIndirectInputEvents[sdk=iphoneos*]" = YES;
				"INFOPLIST_KEY_UIApplicationSupportsIndirectInputEvents[sdk=iphonesimulator*]" = YES;
				"INFOPLIST_KEY_UILaunchScreen_Generation[sdk=iphoneos*]" = YES;
				"INFOPLIST_KEY_UILaunchScreen_Generation[sdk=iphonesimulator*]" = YES;
				INFOPLIST_KEY_UILaunchStoryboardName = "Launch Screen.storyboard";
				"INFOPLIST_KEY_UIStatusBarStyle[sdk=iphoneos*]" = UIStatusBarStyleDefault;
				"INFOPLIST_KEY_UIStatusBarStyle[sdk=iphonesimulator*]" = UIStatusBarStyleDefault;
				INFOPLIST_KEY_UISupportedInterfaceOrientations_iPad = "UIInterfaceOrientationPortrait UIInterfaceOrientationPortraitUpsideDown UIInterfaceOrientationLandscapeLeft UIInterfaceOrientationLandscapeRight";
				INFOPLIST_KEY_UISupportedInterfaceOrientations_iPhone = "UIInterfaceOrientationPortrait UIInterfaceOrientationLandscapeLeft UIInterfaceOrientationLandscapeRight";
				IPHONEOS_DEPLOYMENT_TARGET = 16.2;
				LD_RUNPATH_SEARCH_PATHS = "@executable_path/Frameworks";
				"LD_RUNPATH_SEARCH_PATHS[sdk=macosx*]" = "@executable_path/../Frameworks";
				MACOSX_DEPLOYMENT_TARGET = 13.1;
				MARKETING_VERSION = 1.0;
				PRODUCT_BUNDLE_IDENTIFIER = "OutofBounds.Coffee-App";
				PRODUCT_NAME = "$(TARGET_NAME)";
				SDKROOT = iphoneos;
				SUPPORTED_PLATFORMS = "iphoneos iphonesimulator";
				SUPPORTS_MACCATALYST = NO;
				SUPPORTS_MAC_DESIGNED_FOR_IPHONE_IPAD = NO;
				SUPPORTS_XR_DESIGNED_FOR_IPHONE_IPAD = NO;
				SWIFT_EMIT_LOC_STRINGS = YES;
				SWIFT_VERSION = 5.0;
				TARGETED_DEVICE_FAMILY = "1,2";
			};
			name = Debug;
		};
		DF3547EE2BD7EB4900BB47C9 /* Release */ = {
			isa = XCBuildConfiguration;
			buildSettings = {
				ASSETCATALOG_COMPILER_APPICON_NAME = AppIcon;
				ASSETCATALOG_COMPILER_GLOBAL_ACCENT_COLOR_NAME = AccentColor;
				CODE_SIGN_ENTITLEMENTS = "Coffee App/Coffee_App.entitlements";
				"CODE_SIGN_IDENTITY[sdk=macosx*]" = "-";
				CODE_SIGN_STYLE = Automatic;
				CURRENT_PROJECT_VERSION = 1;
				DEVELOPMENT_ASSET_PATHS = "\"Coffee App/Preview Content\"";
				ENABLE_PREVIEWS = YES;
				GENERATE_INFOPLIST_FILE = YES;
				"INFOPLIST_KEY_UIApplicationSceneManifest_Generation[sdk=iphoneos*]" = YES;
				"INFOPLIST_KEY_UIApplicationSceneManifest_Generation[sdk=iphonesimulator*]" = YES;
				"INFOPLIST_KEY_UIApplicationSupportsIndirectInputEvents[sdk=iphoneos*]" = YES;
				"INFOPLIST_KEY_UIApplicationSupportsIndirectInputEvents[sdk=iphonesimulator*]" = YES;
				"INFOPLIST_KEY_UILaunchScreen_Generation[sdk=iphoneos*]" = YES;
				"INFOPLIST_KEY_UILaunchScreen_Generation[sdk=iphonesimulator*]" = YES;
				INFOPLIST_KEY_UILaunchStoryboardName = "Launch Screen.storyboard";
				"INFOPLIST_KEY_UIStatusBarStyle[sdk=iphoneos*]" = UIStatusBarStyleDefault;
				"INFOPLIST_KEY_UIStatusBarStyle[sdk=iphonesimulator*]" = UIStatusBarStyleDefault;
				INFOPLIST_KEY_UISupportedInterfaceOrientations_iPad = "UIInterfaceOrientationPortrait UIInterfaceOrientationPortraitUpsideDown UIInterfaceOrientationLandscapeLeft UIInterfaceOrientationLandscapeRight";
				INFOPLIST_KEY_UISupportedInterfaceOrientations_iPhone = "UIInterfaceOrientationPortrait UIInterfaceOrientationLandscapeLeft UIInterfaceOrientationLandscapeRight";
				IPHONEOS_DEPLOYMENT_TARGET = 16.2;
				LD_RUNPATH_SEARCH_PATHS = "@executable_path/Frameworks";
				"LD_RUNPATH_SEARCH_PATHS[sdk=macosx*]" = "@executable_path/../Frameworks";
				MACOSX_DEPLOYMENT_TARGET = 13.1;
				MARKETING_VERSION = 1.0;
				PRODUCT_BUNDLE_IDENTIFIER = "OutofBounds.Coffee-App";
				PRODUCT_NAME = "$(TARGET_NAME)";
				SDKROOT = iphoneos;
				SUPPORTED_PLATFORMS = "iphoneos iphonesimulator";
				SUPPORTS_MACCATALYST = NO;
				SUPPORTS_MAC_DESIGNED_FOR_IPHONE_IPAD = NO;
				SUPPORTS_XR_DESIGNED_FOR_IPHONE_IPAD = NO;
				SWIFT_EMIT_LOC_STRINGS = YES;
				SWIFT_VERSION = 5.0;
				TARGETED_DEVICE_FAMILY = "1,2";
			};
			name = Release;
		};
		DF3547F02BD7EB4900BB47C9 /* Debug */ = {
			isa = XCBuildConfiguration;
			buildSettings = {
				ALWAYS_EMBED_SWIFT_STANDARD_LIBRARIES = YES;
				BUNDLE_LOADER = "$(TEST_HOST)";
				CODE_SIGN_STYLE = Automatic;
				CURRENT_PROJECT_VERSION = 1;
				DEAD_CODE_STRIPPING = YES;
				GENERATE_INFOPLIST_FILE = YES;
				IPHONEOS_DEPLOYMENT_TARGET = 16.2;
				MACOSX_DEPLOYMENT_TARGET = 13.1;
				MARKETING_VERSION = 1.0;
				PRODUCT_BUNDLE_IDENTIFIER = "OutofBounds.Coffee-AppTests";
				PRODUCT_NAME = "$(TARGET_NAME)";
				SDKROOT = auto;
				SUPPORTED_PLATFORMS = "iphoneos iphonesimulator macosx";
				SWIFT_EMIT_LOC_STRINGS = NO;
				SWIFT_VERSION = 5.0;
				TARGETED_DEVICE_FAMILY = "1,2";
				TEST_HOST = "$(BUILT_PRODUCTS_DIR)/Coffee App.app/$(BUNDLE_EXECUTABLE_FOLDER_PATH)/Coffee App";
			};
			name = Debug;
		};
		DF3547F12BD7EB4900BB47C9 /* Release */ = {
			isa = XCBuildConfiguration;
			buildSettings = {
				ALWAYS_EMBED_SWIFT_STANDARD_LIBRARIES = YES;
				BUNDLE_LOADER = "$(TEST_HOST)";
				CODE_SIGN_STYLE = Automatic;
				CURRENT_PROJECT_VERSION = 1;
				DEAD_CODE_STRIPPING = YES;
				GENERATE_INFOPLIST_FILE = YES;
				IPHONEOS_DEPLOYMENT_TARGET = 16.2;
				MACOSX_DEPLOYMENT_TARGET = 13.1;
				MARKETING_VERSION = 1.0;
				PRODUCT_BUNDLE_IDENTIFIER = "OutofBounds.Coffee-AppTests";
				PRODUCT_NAME = "$(TARGET_NAME)";
				SDKROOT = auto;
				SUPPORTED_PLATFORMS = "iphoneos iphonesimulator macosx";
				SWIFT_EMIT_LOC_STRINGS = NO;
				SWIFT_VERSION = 5.0;
				TARGETED_DEVICE_FAMILY = "1,2";
				TEST_HOST = "$(BUILT_PRODUCTS_DIR)/Coffee App.app/$(BUNDLE_EXECUTABLE_FOLDER_PATH)/Coffee App";
			};
			name = Release;
		};
		DF3547F32BD7EB4900BB47C9 /* Debug */ = {
			isa = XCBuildConfiguration;
			buildSettings = {
				ALWAYS_EMBED_SWIFT_STANDARD_LIBRARIES = YES;
				CODE_SIGN_STYLE = Automatic;
				CURRENT_PROJECT_VERSION = 1;
				DEAD_CODE_STRIPPING = YES;
				GENERATE_INFOPLIST_FILE = YES;
				IPHONEOS_DEPLOYMENT_TARGET = 16.2;
				MACOSX_DEPLOYMENT_TARGET = 13.1;
				MARKETING_VERSION = 1.0;
				PRODUCT_BUNDLE_IDENTIFIER = "OutofBounds.Coffee-AppUITests";
				PRODUCT_NAME = "$(TARGET_NAME)";
				SDKROOT = auto;
				SUPPORTED_PLATFORMS = "iphoneos iphonesimulator macosx";
				SWIFT_EMIT_LOC_STRINGS = NO;
				SWIFT_VERSION = 5.0;
				TARGETED_DEVICE_FAMILY = "1,2";
				TEST_TARGET_NAME = "Coffee App";
			};
			name = Debug;
		};
		DF3547F42BD7EB4900BB47C9 /* Release */ = {
			isa = XCBuildConfiguration;
			buildSettings = {
				ALWAYS_EMBED_SWIFT_STANDARD_LIBRARIES = YES;
				CODE_SIGN_STYLE = Automatic;
				CURRENT_PROJECT_VERSION = 1;
				DEAD_CODE_STRIPPING = YES;
				GENERATE_INFOPLIST_FILE = YES;
				IPHONEOS_DEPLOYMENT_TARGET = 16.2;
				MACOSX_DEPLOYMENT_TARGET = 13.1;
				MARKETING_VERSION = 1.0;
				PRODUCT_BUNDLE_IDENTIFIER = "OutofBounds.Coffee-AppUITests";
				PRODUCT_NAME = "$(TARGET_NAME)";
				SDKROOT = auto;
				SUPPORTED_PLATFORMS = "iphoneos iphonesimulator macosx";
				SWIFT_EMIT_LOC_STRINGS = NO;
				SWIFT_VERSION = 5.0;
				TARGETED_DEVICE_FAMILY = "1,2";
				TEST_TARGET_NAME = "Coffee App";
			};
			name = Release;
		};
/* End XCBuildConfiguration section */

/* Begin XCConfigurationList section */
		DF3547C22BD7EB4800BB47C9 /* Build configuration list for PBXProject "Coffee App" */ = {
			isa = XCConfigurationList;
			buildConfigurations = (
				DF3547EA2BD7EB4900BB47C9 /* Debug */,
				DF3547EB2BD7EB4900BB47C9 /* Release */,
			);
			defaultConfigurationIsVisible = 0;
			defaultConfigurationName = Release;
		};
		DF3547EC2BD7EB4900BB47C9 /* Build configuration list for PBXNativeTarget "Coffee App" */ = {
			isa = XCConfigurationList;
			buildConfigurations = (
				DF3547ED2BD7EB4900BB47C9 /* Debug */,
				DF3547EE2BD7EB4900BB47C9 /* Release */,
			);
			defaultConfigurationIsVisible = 0;
			defaultConfigurationName = Release;
		};
		DF3547EF2BD7EB4900BB47C9 /* Build configuration list for PBXNativeTarget "Coffee AppTests" */ = {
			isa = XCConfigurationList;
			buildConfigurations = (
				DF3547F02BD7EB4900BB47C9 /* Debug */,
				DF3547F12BD7EB4900BB47C9 /* Release */,
			);
			defaultConfigurationIsVisible = 0;
			defaultConfigurationName = Release;
		};
		DF3547F22BD7EB4900BB47C9 /* Build configuration list for PBXNativeTarget "Coffee AppUITests" */ = {
			isa = XCConfigurationList;
			buildConfigurations = (
				DF3547F32BD7EB4900BB47C9 /* Debug */,
				DF3547F42BD7EB4900BB47C9 /* Release */,
			);
			defaultConfigurationIsVisible = 0;
			defaultConfigurationName = Release;
		};
/* End XCConfigurationList section */

/* Begin XCRemoteSwiftPackageReference section */
		DF3547F82BD9031E00BB47C9 /* XCRemoteSwiftPackageReference "firebase-ios-sdk" */ = {
			isa = XCRemoteSwiftPackageReference;
			repositoryURL = "https://github.com/firebase/firebase-ios-sdk";
			requirement = {
				kind = upToNextMajorVersion;
				minimumVersion = 10.0.0;
			};
		};
/* End XCRemoteSwiftPackageReference section */

/* Begin XCSwiftPackageProductDependency section */
		DF3547F92BD9031E00BB47C9 /* FirebaseAnalytics */ = {
			isa = XCSwiftPackageProductDependency;
			package = DF3547F82BD9031E00BB47C9 /* XCRemoteSwiftPackageReference "firebase-ios-sdk" */;
			productName = FirebaseAnalytics;
		};
		DF3547FB2BD9031E00BB47C9 /* FirebaseAuth */ = {
			isa = XCSwiftPackageProductDependency;
			package = DF3547F82BD9031E00BB47C9 /* XCRemoteSwiftPackageReference "firebase-ios-sdk" */;
			productName = FirebaseAuth;
		};
		DF3547FD2BD9031E00BB47C9 /* FirebaseDatabase */ = {
			isa = XCSwiftPackageProductDependency;
			package = DF3547F82BD9031E00BB47C9 /* XCRemoteSwiftPackageReference "firebase-ios-sdk" */;
			productName = FirebaseDatabase;
		};
		DF3547FF2BD9031E00BB47C9 /* FirebaseDatabaseSwift */ = {
			isa = XCSwiftPackageProductDependency;
			package = DF3547F82BD9031E00BB47C9 /* XCRemoteSwiftPackageReference "firebase-ios-sdk" */;
			productName = FirebaseDatabaseSwift;
		};
		DF3548012BD9031E00BB47C9 /* FirebaseStorage */ = {
			isa = XCSwiftPackageProductDependency;
			package = DF3547F82BD9031E00BB47C9 /* XCRemoteSwiftPackageReference "firebase-ios-sdk" */;
			productName = FirebaseStorage;
		};
		DF3548042BD905C000BB47C9 /* FirebaseFirestore */ = {
			isa = XCSwiftPackageProductDependency;
			package = DF3547F82BD9031E00BB47C9 /* XCRemoteSwiftPackageReference "firebase-ios-sdk" */;
			productName = FirebaseFirestore;
		};
		DF3548062BD905C000BB47C9 /* FirebaseFirestoreSwift */ = {
			isa = XCSwiftPackageProductDependency;
			package = DF3547F82BD9031E00BB47C9 /* XCRemoteSwiftPackageReference "firebase-ios-sdk" */;
			productName = FirebaseFirestoreSwift;
		};
/* End XCSwiftPackageProductDependency section */
	};
	rootObject = DF3547BF2BD7EB4800BB47C9 /* Project object */;
}
